
Microsoft Visual Studio Solution File, Format Version 12.00
# Visual Studio Version 17
VisualStudioVersion = 17.0.31611.283
MinimumVisualStudioVersion = 10.0.40219.1
Project("{9A19103F-16F7-4668-BE54-9A1E7A4F7556}") = "MauiTestApp", "MauiTestApp\MauiTestApp.csproj", "{05872CCA-ACC1-4B93-9962-A8265096CEA3}"
EndProject
Project("{9A19103F-16F7-4668-BE54-9A1E7A4F7556}") = "Maui.Models", "Maui.Models\Maui.Models.csproj", "{48107B17-EC44-47BE-9387-8F1AC00F93DD}"
EndProject
Project("{9A19103F-16F7-4668-BE54-9A1E7A4F7556}") = "Maui.Services", "Maui.Services\Maui.Services.csproj", "{5C0E768F-7606-4EE7-9FAC-10D2108D9DDD}"
EndProject
Project("{FAE04EC0-301F-11D3-BF4B-00C04F79EFBC}") = "Maui.Content", "Maui.Content\Maui.Content.csproj", "{65DAD9B8-ECC5-4225-BDF7-201970BDCC86}"
EndProject
Global
	GlobalSection(SolutionConfigurationPlatforms) = preSolution
		Debug|Any CPU = Debug|Any CPU
		Release|Any CPU = Release|Any CPU
	EndGlobalSection
	GlobalSection(ProjectConfigurationPlatforms) = postSolution
		{05872CCA-ACC1-4B93-9962-A8265096CEA3}.Debug|Any CPU.ActiveCfg = Debug|Any CPU
		{05872CCA-ACC1-4B93-9962-A8265096CEA3}.Debug|Any CPU.Build.0 = Debug|Any CPU
		{05872CCA-ACC1-4B93-9962-A8265096CEA3}.Debug|Any CPU.Deploy.0 = Debug|Any CPU
		{05872CCA-ACC1-4B93-9962-A8265096CEA3}.Release|Any CPU.ActiveCfg = Release|Any CPU
		{05872CCA-ACC1-4B93-9962-A8265096CEA3}.Release|Any CPU.Build.0 = Release|Any CPU
		{05872CCA-ACC1-4B93-9962-A8265096CEA3}.Release|Any CPU.Deploy.0 = Release|Any CPU
		{48107B17-EC44-47BE-9387-8F1AC00F93DD}.Debug|Any CPU.ActiveCfg = Debug|Any CPU
		{48107B17-EC44-47BE-9387-8F1AC00F93DD}.Debug|Any CPU.Build.0 = Debug|Any CPU
		{48107B17-EC44-47BE-9387-8F1AC00F93DD}.Release|Any CPU.ActiveCfg = Release|Any CPU
		{48107B17-EC44-47BE-9387-8F1AC00F93DD}.Release|Any CPU.Build.0 = Release|Any CPU
		{5C0E768F-7606-4EE7-9FAC-10D2108D9DDD}.Debug|Any CPU.ActiveCfg = Debug|Any CPU
		{5C0E768F-7606-4EE7-9FAC-10D2108D9DDD}.Debug|Any CPU.Build.0 = Debug|Any CPU
		{5C0E768F-7606-4EE7-9FAC-10D2108D9DDD}.Release|Any CPU.ActiveCfg = Release|Any CPU
		{5C0E768F-7606-4EE7-9FAC-10D2108D9DDD}.Release|Any CPU.Build.0 = Release|Any CPU
		{65DAD9B8-ECC5-4225-BDF7-201970BDCC86}.Debug|Any CPU.ActiveCfg = Debug|Any CPU
		{65DAD9B8-ECC5-4225-BDF7-201970BDCC86}.Debug|Any CPU.Build.0 = Debug|Any CPU
		{65DAD9B8-ECC5-4225-BDF7-201970BDCC86}.Release|Any CPU.ActiveCfg = Release|Any CPU
		{65DAD9B8-ECC5-4225-BDF7-201970BDCC86}.Release|Any CPU.Build.0 = Release|Any CPU
	EndGlobalSection
	GlobalSection(SolutionProperties) = preSolution
		HideSolutionNode = FALSE
	EndGlobalSection
	GlobalSection(ExtensibilityGlobals) = postSolution
		SolutionGuid = {61F7FB11-1E47-470C-91E2-47F8143E1572}
	EndGlobalSection
EndGlobal
